
Microsoft Visual Studio Solution File, Format Version 12.00
# Visual Studio Version 16
VisualStudioVersion = 16.0.29424.173
MinimumVisualStudioVersion = 10.0.40219.1
Project("{8BC9CEB8-8B4A-11D0-8D11-00A0C91BC942}") = "socket", "socket\socket.vcxproj", "{BEE379C0-CC86-45C9-8C19-838601C49152}"
EndProject
Project("{8BC9CEB8-8B4A-11D0-8D11-00A0C91BC942}") = "client", "client\client.vcxproj", "{D5AD0C1F-5DD8-4BDE-8BA9-D41C91C1EE09}"
EndProject
Global
	GlobalSection(SolutionConfigurationPlatforms) = preSolution
		Debug|x64 = Debug|x64
		Debug|x86 = Debug|x86
		Release|x64 = Release|x64
		Release|x86 = Release|x86
	EndGlobalSection
	GlobalSection(ProjectConfigurationPlatforms) = postSolution
		{BEE379C0-CC86-45C9-8C19-838601C49152}.Debug|x64.ActiveCfg = Debug|x64
		{BEE379C0-CC86-45C9-8C19-838601C49152}.Debug|x64.Build.0 = Debug|x64
		{BEE379C0-CC86-45C9-8C19-838601C49152}.Debug|x86.ActiveCfg = Debug|Win32
		{BEE379C0-CC86-45C9-8C19-838601C49152}.Debug|x86.Build.0 = Debug|Win32
		{BEE379C0-CC86-45C9-8C19-838601C49152}.Release|x64.ActiveCfg = Release|x64
		{BEE379C0-CC86-45C9-8C19-838601C49152}.Release|x64.Build.0 = Release|x64
		{BEE379C0-CC86-45C9-8C19-838601C49152}.Release|x86.ActiveCfg = Release|Win32
		{BEE379C0-CC86-45C9-8C19-838601C49152}.Release|x86.Build.0 = Release|Win32
		{D5AD0C1F-5DD8-4BDE-8BA9-D41C91C1EE09}.Debug|x64.ActiveCfg = Debug|x64
		{D5AD0C1F-5DD8-4BDE-8BA9-D41C91C1EE09}.Debug|x64.Build.0 = Debug|x64
		{D5AD0C1F-5DD8-4BDE-8BA9-D41C91C1EE09}.Debug|x86.ActiveCfg = Debug|Win32
		{D5AD0C1F-5DD8-4BDE-8BA9-D41C91C1EE09}.Debug|x86.Build.0 = Debug|Win32
		{D5AD0C1F-5DD8-4BDE-8BA9-D41C91C1EE09}.Release|x64.ActiveCfg = Release|x64
		{D5AD0C1F-5DD8-4BDE-8BA9-D41C91C1EE09}.Release|x64.Build.0 = Release|x64
		{D5AD0C1F-5DD8-4BDE-8BA9-D41C91C1EE09}.Release|x86.ActiveCfg = Release|Win32
		{D5AD0C1F-5DD8-4BDE-8BA9-D41C91C1EE09}.Release|x86.Build.0 = Release|Win32
	EndGlobalSection
	GlobalSection(SolutionProperties) = preSolution
		HideSolutionNode = FALSE
	EndGlobalSection
	GlobalSection(ExtensibilityGlobals) = postSolution
		SolutionGuid = {B5834061-AC4B-4435-9B3C-AE9506EB2779}
	EndGlobalSection
EndGlobal
